// !$*UTF8*$!
{
	archiveVersion = 1;
	classes = {
	};
	objectVersion = 50;
	objects = {

/* Begin PBXBuildFile section */
		061D9347214BB3250086D90A /* AppDelegate.swift in Sources */ = {isa = PBXBuildFile; fileRef = 061D9346214BB3250086D90A /* AppDelegate.swift */; };
		061D9349214BB3250086D90A /* NotesViewController.swift in Sources */ = {isa = PBXBuildFile; fileRef = 061D9348214BB3250086D90A /* NotesViewController.swift */; };
		061D934E214BB3260086D90A /* Assets.xcassets in Resources */ = {isa = PBXBuildFile; fileRef = 061D934D214BB3260086D90A /* Assets.xcassets */; };
		061D9351214BB3260086D90A /* LaunchScreen.storyboard in Resources */ = {isa = PBXBuildFile; fileRef = 061D934F214BB3260086D90A /* LaunchScreen.storyboard */; };
		061D935A214BB3D70086D90A /* CoreDataManager.swift in Sources */ = {isa = PBXBuildFile; fileRef = 061D9359214BB3D70086D90A /* CoreDataManager.swift */; };
		061D935E214BC5950086D90A /* Notes.xcdatamodeld in Sources */ = {isa = PBXBuildFile; fileRef = 061D935C214BC5950086D90A /* Notes.xcdatamodeld */; };
		061D9362214D2F4D0086D90A /* AddNotesViewController.swift in Sources */ = {isa = PBXBuildFile; fileRef = 061D9361214D2F4D0086D90A /* AddNotesViewController.swift */; };
		061D9365214D35AC0086D90A /* Controller+Extenstion.swift in Sources */ = {isa = PBXBuildFile; fileRef = 061D9364214D35AC0086D90A /* Controller+Extenstion.swift */; };
		061D9367214D6F8B0086D90A /* Note+Extenstion.swift in Sources */ = {isa = PBXBuildFile; fileRef = 061D9366214D6F8B0086D90A /* Note+Extenstion.swift */; };
		062D51722153D668002739B1 /* Swift.gitignore in Resources */ = {isa = PBXBuildFile; fileRef = 062D51712153D668002739B1 /* Swift.gitignore */; };
/* End PBXBuildFile section */

/* Begin PBXFileReference section */
		061D9343214BB3250086D90A /* Notes.app */ = {isa = PBXFileReference; explicitFileType = wrapper.application; includeInIndex = 0; path = Notes.app; sourceTree = BUILT_PRODUCTS_DIR; };
		061D9346214BB3250086D90A /* AppDelegate.swift */ = {isa = PBXFileReference; lastKnownFileType = sourcecode.swift; path = AppDelegate.swift; sourceTree = "<group>"; };
		061D9348214BB3250086D90A /* NotesViewController.swift */ = {isa = PBXFileReference; lastKnownFileType = sourcecode.swift; path = NotesViewController.swift; sourceTree = "<group>"; };
		061D934D214BB3260086D90A /* Assets.xcassets */ = {isa = PBXFileReference; lastKnownFileType = folder.assetcatalog; path = Assets.xcassets; sourceTree = "<group>"; };
		061D9350214BB3260086D90A /* Base */ = {isa = PBXFileReference; lastKnownFileType = file.storyboard; name = Base; path = Base.lproj/LaunchScreen.storyboard; sourceTree = "<group>"; };
		061D9352214BB3260086D90A /* Info.plist */ = {isa = PBXFileReference; lastKnownFileType = text.plist.xml; path = Info.plist; sourceTree = "<group>"; };
		061D9359214BB3D70086D90A /* CoreDataManager.swift */ = {isa = PBXFileReference; lastKnownFileType = sourcecode.swift; path = CoreDataManager.swift; sourceTree = "<group>"; };
		061D935D214BC5950086D90A /* Notes.xcdatamodel */ = {isa = PBXFileReference; lastKnownFileType = wrapper.xcdatamodel; path = Notes.xcdatamodel; sourceTree = "<group>"; };
		061D9361214D2F4D0086D90A /* AddNotesViewController.swift */ = {isa = PBXFileReference; lastKnownFileType = sourcecode.swift; path = AddNotesViewController.swift; sourceTree = "<group>"; };
		061D9364214D35AC0086D90A /* Controller+Extenstion.swift */ = {isa = PBXFileReference; lastKnownFileType = sourcecode.swift; path = "Controller+Extenstion.swift"; sourceTree = "<group>"; };
		061D9366214D6F8B0086D90A /* Note+Extenstion.swift */ = {isa = PBXFileReference; lastKnownFileType = sourcecode.swift; path = "Note+Extenstion.swift"; sourceTree = "<group>"; };
		062D51712153D668002739B1 /* Swift.gitignore */ = {isa = PBXFileReference; lastKnownFileType = text; path = Swift.gitignore; sourceTree = "<group>"; };
/* End PBXFileReference section */

/* Begin PBXFrameworksBuildPhase section */
		061D9340214BB3250086D90A /* Frameworks */ = {
			isa = PBXFrameworksBuildPhase;
			buildActionMask = 2147483647;
			files = (
			);
			runOnlyForDeploymentPostprocessing = 0;
		};
/* End PBXFrameworksBuildPhase section */

/* Begin PBXGroup section */
		061D933A214BB3250086D90A = {
			isa = PBXGroup;
			children = (
				062D51712153D668002739B1 /* Swift.gitignore */,
				061D9345214BB3250086D90A /* Notes */,
				061D9344214BB3250086D90A /* Products */,
			);
			sourceTree = "<group>";
		};
		061D9344214BB3250086D90A /* Products */ = {
			isa = PBXGroup;
			children = (
				061D9343214BB3250086D90A /* Notes.app */,
			);
			name = Products;
			sourceTree = "<group>";
		};
		061D9345214BB3250086D90A /* Notes */ = {
			isa = PBXGroup;
			children = (
				061D9346214BB3250086D90A /* AppDelegate.swift */,
				061D934D214BB3260086D90A /* Assets.xcassets */,
				061D9352214BB3260086D90A /* Info.plist */,
				061D9363214D35960086D90A /* Extenstions */,
				061D9360214BC5F50086D90A /* StoryBoards */,
				061D935F214BC5E20086D90A /* Controllers */,
				061D935B214BC5860086D90A /* CoreData */,
				061D9358214BB3BA0086D90A /* Managers */,
			);
			path = Notes;
			sourceTree = "<group>";
		};
		061D9358214BB3BA0086D90A /* Managers */ = {
			isa = PBXGroup;
			children = (
				061D9359214BB3D70086D90A /* CoreDataManager.swift */,
			);
			path = Managers;
			sourceTree = "<group>";
		};
		061D935B214BC5860086D90A /* CoreData */ = {
			isa = PBXGroup;
			children = (
				061D935C214BC5950086D90A /* Notes.xcdatamodeld */,
			);
			path = CoreData;
			sourceTree = "<group>";
		};
		061D935F214BC5E20086D90A /* Controllers */ = {
			isa = PBXGroup;
			children = (
				061D9348214BB3250086D90A /* NotesViewController.swift */,
				061D9361214D2F4D0086D90A /* AddNotesViewController.swift */,
			);
			path = Controllers;
			sourceTree = "<group>";
		};
		061D9360214BC5F50086D90A /* StoryBoards */ = {
			isa = PBXGroup;
			children = (
				061D934F214BB3260086D90A /* LaunchScreen.storyboard */,
			);
			path = StoryBoards;
			sourceTree = "<group>";
		};
		061D9363214D35960086D90A /* Extenstions */ = {
			isa = PBXGroup;
			children = (
				061D9364214D35AC0086D90A /* Controller+Extenstion.swift */,
				061D9366214D6F8B0086D90A /* Note+Extenstion.swift */,
			);
			path = Extenstions;
			sourceTree = "<group>";
		};
/* End PBXGroup section */

/* Begin PBXNativeTarget section */
		061D9342214BB3250086D90A /* Notes */ = {
			isa = PBXNativeTarget;
			buildConfigurationList = 061D9355214BB3260086D90A /* Build configuration list for PBXNativeTarget "Notes" */;
			buildPhases = (
				061D933F214BB3250086D90A /* Sources */,
				061D9340214BB3250086D90A /* Frameworks */,
				061D9341214BB3250086D90A /* Resources */,
			);
			buildRules = (
			);
			dependencies = (
			);
			name = Notes;
			productName = Notes;
			productReference = 061D9343214BB3250086D90A /* Notes.app */;
			productType = "com.apple.product-type.application";
		};
/* End PBXNativeTarget section */

/* Begin PBXProject section */
		061D933B214BB3250086D90A /* Project object */ = {
			isa = PBXProject;
			attributes = {
				LastSwiftUpdateCheck = 0930;
				LastUpgradeCheck = 0930;
				ORGANIZATIONNAME = "Sami Youssef";
				TargetAttributes = {
					061D9342214BB3250086D90A = {
						CreatedOnToolsVersion = 9.3;
					};
				};
			};
			buildConfigurationList = 061D933E214BB3250086D90A /* Build configuration list for PBXProject "Notes" */;
			compatibilityVersion = "Xcode 9.3";
			developmentRegion = en;
			hasScannedForEncodings = 0;
			knownRegions = (
				en,
				Base,
			);
			mainGroup = 061D933A214BB3250086D90A;
			productRefGroup = 061D9344214BB3250086D90A /* Products */;
			projectDirPath = "";
			projectRoot = "";
			targets = (
				061D9342214BB3250086D90A /* Notes */,
			);
		};
/* End PBXProject section */

/* Begin PBXResourcesBuildPhase section */
		061D9341214BB3250086D90A /* Resources */ = {
			isa = PBXResourcesBuildPhase;
			buildActionMask = 2147483647;
			files = (
				061D9351214BB3260086D90A /* LaunchScreen.storyboard in Resources */,
				061D934E214BB3260086D90A /* Assets.xcassets in Resources */,
				062D51722153D668002739B1 /* Swift.gitignore in Resources */,
			);
			runOnlyForDeploymentPostprocessing = 0;
		};
/* End PBXResourcesBuildPhase section */

/* Begin PBXSourcesBuildPhase section */
		061D933F214BB3250086D90A /* Sources */ = {
			isa = PBXSourcesBuildPhase;
			buildActionMask = 2147483647;
			files = (
				061D935A214BB3D70086D90A /* CoreDataManager.swift in Sources */,
				061D9367214D6F8B0086D90A /* Note+Extenstion.swift in Sources */,
				061D9362214D2F4D0086D90A /* AddNotesViewController.swift in Sources */,
				061D9365214D35AC0086D90A /* Controller+Extenstion.swift in Sources */,
				061D9349214BB3250086D90A /* NotesViewController.swift in Sources */,
				061D9347214BB3250086D90A /* AppDelegate.swift in Sources */,
				061D935E214BC5950086D90A /* Notes.xcdatamodeld in Sources */,
			);
			runOnlyForDeploymentPostprocessing = 0;
		};
/* End PBXSourcesBuildPhase section */

/* Begin PBXVariantGroup section */
		061D934F214BB3260086D90A /* LaunchScreen.storyboard */ = {
			isa = PBXVariantGroup;
			children = (
				061D9350214BB3260086D90A /* Base */,
			);
			name = LaunchScreen.storyboard;
			sourceTree = "<group>";
		};
/* End PBXVariantGroup section */

/* Begin XCBuildConfiguration section */
		061D9353214BB3260086D90A /* Debug */ = {
			isa = XCBuildConfiguration;
			buildSettings = {
				ALWAYS_SEARCH_USER_PATHS = NO;
				CLANG_ANALYZER_NONNULL = YES;
				CLANG_ANALYZER_NUMBER_OBJECT_CONVERSION = YES_AGGRESSIVE;
				CLANG_CXX_LANGUAGE_STANDARD = "gnu++14";
				CLANG_CXX_LIBRARY = "libc++";
				CLANG_ENABLE_MODULES = YES;
				CLANG_ENABLE_OBJC_ARC = YES;
				CLANG_ENABLE_OBJC_WEAK = YES;
				CLANG_WARN_BLOCK_CAPTURE_AUTORELEASING = YES;
				CLANG_WARN_BOOL_CONVERSION = YES;
				CLANG_WARN_COMMA = YES;
				CLANG_WARN_CONSTANT_CONVERSION = YES;
				CLANG_WARN_DEPRECATED_OBJC_IMPLEMENTATIONS = YES;
				CLANG_WARN_DIRECT_OBJC_ISA_USAGE = YES_ERROR;
				CLANG_WARN_DOCUMENTATION_COMMENTS = YES;
				CLANG_WARN_EMPTY_BODY = YES;
				CLANG_WARN_ENUM_CONVERSION = YES;
				CLANG_WARN_INFINITE_RECURSION = YES;
				CLANG_WARN_INT_CONVERSION = YES;
				CLANG_WARN_NON_LITERAL_NULL_CONVERSION = YES;
				CLANG_WARN_OBJC_IMPLICIT_RETAIN_SELF = YES;
				CLANG_WARN_OBJC_LITERAL_CONVERSION = YES;
				CLANG_WARN_OBJC_ROOT_CLASS = YES_ERROR;
				CLANG_WARN_RANGE_LOOP_ANALYSIS = YES;
				CLANG_WARN_STRICT_PROTOTYPES = YES;
				CLANG_WARN_SUSPICIOUS_MOVE = YES;
				CLANG_WARN_UNGUARDED_AVAILABILITY = YES_AGGRESSIVE;
				CLANG_WARN_UNREACHABLE_CODE = YES;
				CLANG_WARN__DUPLICATE_METHOD_MATCH = YES;
				CODE_SIGN_IDENTITY = "iPhone Developer";
				COPY_PHASE_STRIP = NO;
				DEBUG_INFORMATION_FORMAT = dwarf;
				ENABLE_STRICT_OBJC_MSGSEND = YES;
				ENABLE_TESTABILITY = YES;
				GCC_C_LANGUAGE_STANDARD = gnu11;
				GCC_DYNAMIC_NO_PIC = NO;
				GCC_NO_COMMON_BLOCKS = YES;
				GCC_OPTIMIZATION_LEVEL = 0;
				GCC_PREPROCESSOR_DEFINITIONS = (
					"DEBUG=1",
					"$(inherited)",
				);
				GCC_WARN_64_TO_32_BIT_CONVERSION = YES;
				GCC_WARN_ABOUT_RETURN_TYPE = YES_ERROR;
				GCC_WARN_UNDECLARED_SELECTOR = YES;
				GCC_WARN_UNINITIALIZED_AUTOS = YES_AGGRESSIVE;
				GCC_WARN_UNUSED_FUNCTION = YES;
				GCC_WARN_UNUSED_VARIABLE = YES;
				IPHONEOS_DEPLOYMENT_TARGET = 11.3;
				MTL_ENABLE_DEBUG_INFO = YES;
				ONLY_ACTIVE_ARCH = YES;
				SDKROOT = iphoneos;
				SWIFT_ACTIVE_COMPILATION_CONDITIONS = DEBUG;
				SWIFT_OPTIMIZATION_LEVEL = "-Onone";
			};
			name = Debug;
		};
		061D9354214BB3260086D90A /* Release */ = {
			isa = XCBuildConfiguration;
			buildSettings = {
				ALWAYS_SEARCH_USER_PATHS = NO;
				CLANG_ANALYZER_NONNULL = YES;
				CLANG_ANALYZER_NUMBER_OBJECT_CONVERSION = YES_AGGRESSIVE;
				CLANG_CXX_LANGUAGE_STANDARD = "gnu++14";
				CLANG_CXX_LIBRARY = "libc++";
				CLANG_ENABLE_MODULES = YES;
				CLANG_ENABLE_OBJC_ARC = YES;
				CLANG_ENABLE_OBJC_WEAK = YES;
				CLANG_WARN_BLOCK_CAPTURE_AUTORELEASING = YES;
				CLANG_WARN_BOOL_CONVERSION = YES;
				CLANG_WARN_COMMA = YES;
				CLANG_WARN_CONSTANT_CONVERSION = YES;
				CLANG_WARN_DEPRECATED_OBJC_IMPLEMENTATIONS = YES;
				CLANG_WARN_DIRECT_OBJC_ISA_USAGE = YES_ERROR;
				CLANG_WARN_DOCUMENTATION_COMMENTS = YES;
				CLANG_WARN_EMPTY_BODY = YES;
				CLANG_WARN_ENUM_CONVERSION = YES;
				CLANG_WARN_INFINITE_RECURSION = YES;
				CLANG_WARN_INT_CONVERSION = YES;
				CLANG_WARN_NON_LITERAL_NULL_CONVERSION = YES;
				CLANG_WARN_OBJC_IMPLICIT_RETAIN_SELF = YES;
				CLANG_WARN_OBJC_LITERAL_CONVERSION = YES;
				CLANG_WARN_OBJC_ROOT_CLASS = YES_ERROR;
				CLANG_WARN_RANGE_LOOP_ANALYSIS = YES;
				CLANG_WARN_STRICT_PROTOTYPES = YES;
				CLANG_WARN_SUSPICIOUS_MOVE = YES;
				CLANG_WARN_UNGUARDED_AVAILABILITY = YES_AGGRESSIVE;
				CLANG_WARN_UNREACHABLE_CODE = YES;
				CLANG_WARN__DUPLICATE_METHOD_MATCH = YES;
				CODE_SIGN_IDENTITY = "iPhone Developer";
				COPY_PHASE_STRIP = NO;
				DEBUG_INFORMATION_FORMAT = "dwarf-with-dsym";
				ENABLE_NS_ASSERTIONS = NO;
				ENABLE_STRICT_OBJC_MSGSEND = YES;
				GCC_C_LANGUAGE_STANDARD = gnu11;
				GCC_NO_COMMON_BLOCKS = YES;
				GCC_WARN_64_TO_32_BIT_CONVERSION = YES;
				GCC_WARN_ABOUT_RETURN_TYPE = YES_ERROR;
				GCC_WARN_UNDECLARED_SELECTOR = YES;
				GCC_WARN_UNINITIALIZED_AUTOS = YES_AGGRESSIVE;
				GCC_WARN_UNUSED_FUNCTION = YES;
				GCC_WARN_UNUSED_VARIABLE = YES;
				IPHONEOS_DEPLOYMENT_TARGET = 11.3;
				MTL_ENABLE_DEBUG_INFO = NO;
				SDKROOT = iphoneos;
				SWIFT_COMPILATION_MODE = wholemodule;
				SWIFT_OPTIMIZATION_LEVEL = "-O";
				VALIDATE_PRODUCT = YES;
			};
			name = Release;
		};
		061D9356214BB3260086D90A /* Debug */ = {
			isa = XCBuildConfiguration;
			buildSettings = {
				ASSETCATALOG_COMPILER_APPICON_NAME = AppIcon;
				CODE_SIGN_STYLE = Automatic;
				INFOPLIST_FILE = Notes/Info.plist;
				LD_RUNPATH_SEARCH_PATHS = (
					"$(inherited)",
					"@executable_path/Frameworks",
				);
				PRODUCT_BUNDLE_IDENTIFIER = com.Dev.Notes;
				PRODUCT_NAME = "$(TARGET_NAME)";
				SWIFT_VERSION = 4.0;
				TARGETED_DEVICE_FAMILY = 1;
			};
			name = Debug;
		};
		061D9357214BB3260086D90A /* Release */ = {
			isa = XCBuildConfiguration;
			buildSettings = {
				ASSETCATALOG_COMPILER_APPICON_NAME = AppIcon;
				CODE_SIGN_STYLE = Automatic;
				INFOPLIST_FILE = Notes/Info.plist;
				LD_RUNPATH_SEARCH_PATHS = (
					"$(inherited)",
					"@executable_path/Frameworks",
				);
				PRODUCT_BUNDLE_IDENTIFIER = com.Dev.Notes;
				PRODUCT_NAME = "$(TARGET_NAME)";
				SWIFT_VERSION = 4.0;
				TARGETED_DEVICE_FAMILY = 1;
			};
			name = Release;
		};
/* End XCBuildConfiguration section */

/* Begin XCConfigurationList section */
		061D933E214BB3250086D90A /* Build configuration list for PBXProject "Notes" */ = {
			isa = XCConfigurationList;
			buildConfigurations = (
				061D9353214BB3260086D90A /* Debug */,
				061D9354214BB3260086D90A /* Release */,
			);
			defaultConfigurationIsVisible = 0;
			defaultConfigurationName = Release;
		};
		061D9355214BB3260086D90A /* Build configuration list for PBXNativeTarget "Notes" */ = {
			isa = XCConfigurationList;
			buildConfigurations = (
				061D9356214BB3260086D90A /* Debug */,
				061D9357214BB3260086D90A /* Release */,
			);
			defaultConfigurationIsVisible = 0;
			defaultConfigurationName = Release;
		};
/* End XCConfigurationList section */

/* Begin XCVersionGroup section */
		061D935C214BC5950086D90A /* Notes.xcdatamodeld */ = {
			isa = XCVersionGroup;
			children = (
				061D935D214BC5950086D90A /* Notes.xcdatamodel */,
			);
			currentVersion = 061D935D214BC5950086D90A /* Notes.xcdatamodel */;
			path = Notes.xcdatamodeld;
			sourceTree = "<group>";
			versionGroupType = wrapper.xcdatamodel;
		};
/* End XCVersionGroup section */
	};
	rootObject = 061D933B214BB3250086D90A /* Project object */;
}
